// !$*UTF8*$!
{
	archiveVersion = 1;
	classes = {
	};
	objectVersion = 56;
	objects = {

/* Begin PBXBuildFile section */
		3322758EBCACCEF12CA621B9 /* Pods_Runner.framework in Frameworks */ = {isa = PBXBuildFile; fileRef = 4F5285761F5D6918274EA2C6 /* Pods_Runner.framework */; };
		59AD496B29C1F562000A6C3C /* AppDelegate.swift in Sources */ = {isa = PBXBuildFile; fileRef = 59AD496A29C1F562000A6C3C /* AppDelegate.swift */; };
		59AD496D29C1F562000A6C3C /* SceneDelegate.swift in Sources */ = {isa = PBXBuildFile; fileRef = 59AD496C29C1F562000A6C3C /* SceneDelegate.swift */; };
		59AD496F29C1F562000A6C3C /* ViewController.swift in Sources */ = {isa = PBXBuildFile; fileRef = 59AD496E29C1F562000A6C3C /* ViewController.swift */; };
		59AD497229C1F562000A6C3C /* Main.storyboard in Resources */ = {isa = PBXBuildFile; fileRef = 59AD497029C1F562000A6C3C /* Main.storyboard */; };
		59AD497529C1F562000A6C3C /* Runner.xcdatamodeld in Sources */ = {isa = PBXBuildFile; fileRef = 59AD497329C1F562000A6C3C /* Runner.xcdatamodeld */; };
		59AD497729C1F562000A6C3C /* Assets.xcassets in Resources */ = {isa = PBXBuildFile; fileRef = 59AD497629C1F562000A6C3C /* Assets.xcassets */; };
		59AD497A29C1F562000A6C3C /* LaunchScreen.storyboard in Resources */ = {isa = PBXBuildFile; fileRef = 59AD497829C1F562000A6C3C /* LaunchScreen.storyboard */; };
		59AD498229C21BF1000A6C3C /* SignUpController.swift in Sources */ = {isa = PBXBuildFile; fileRef = 59AD498129C21BF1000A6C3C /* SignUpController.swift */; };
		D27E036929C3BEFD0000C2BB /* MapViewController.swift in Sources */ = {isa = PBXBuildFile; fileRef = D27E036829C3BEFD0000C2BB /* MapViewController.swift */; };
		D2C3BC9C29DDC84800D1CD76 /* SettingsController.swift in Sources */ = {isa = PBXBuildFile; fileRef = D2C3BC9B29DDC84800D1CD76 /* SettingsController.swift */; };
		D2C3BC9E29DDD60800D1CD76 /* NotificationController.swift in Sources */ = {isa = PBXBuildFile; fileRef = D2C3BC9D29DDD60800D1CD76 /* NotificationController.swift */; };
		D96447C429DE30BC00847733 /* Consts.swift in Sources */ = {isa = PBXBuildFile; fileRef = D96447B829DE30BC00847733 /* Consts.swift */; };
		D96447C529DE30BC00847733 /* Enums.swift in Sources */ = {isa = PBXBuildFile; fileRef = D96447B929DE30BC00847733 /* Enums.swift */; };
		D96447C629DE30BC00847733 /* Helpers.swift in Sources */ = {isa = PBXBuildFile; fileRef = D96447BA29DE30BC00847733 /* Helpers.swift */; };
		D96447C729DE30BC00847733 /* AuthRepo.swift in Sources */ = {isa = PBXBuildFile; fileRef = D96447BD29DE30BC00847733 /* AuthRepo.swift */; };
		D96447C829DE30BC00847733 /* NetworkManager.swift in Sources */ = {isa = PBXBuildFile; fileRef = D96447BE29DE30BC00847733 /* NetworkManager.swift */; };
		D96447C929DE30BC00847733 /* DataParser.swift in Sources */ = {isa = PBXBuildFile; fileRef = D96447C029DE30BC00847733 /* DataParser.swift */; };
		D96447CA29DE30BC00847733 /* LoginViewModel.swift in Sources */ = {isa = PBXBuildFile; fileRef = D96447C229DE30BC00847733 /* LoginViewModel.swift */; };
		D96447CB29DE30BC00847733 /* SignUpViewModel.swift in Sources */ = {isa = PBXBuildFile; fileRef = D96447C329DE30BC00847733 /* SignUpViewModel.swift */; };
		D96447D229DE30DC00847733 /* SignUpRequest.swift in Sources */ = {isa = PBXBuildFile; fileRef = D96447CD29DE30DC00847733 /* SignUpRequest.swift */; };
		D96447D329DE30DC00847733 /* RefreshTokenResponse.swift in Sources */ = {isa = PBXBuildFile; fileRef = D96447CE29DE30DC00847733 /* RefreshTokenResponse.swift */; };
		D96447D429DE30DC00847733 /* AuthInterceptor.swift in Sources */ = {isa = PBXBuildFile; fileRef = D96447CF29DE30DC00847733 /* AuthInterceptor.swift */; };
		D96447D529DE30DC00847733 /* LoginModels.swift in Sources */ = {isa = PBXBuildFile; fileRef = D96447D029DE30DC00847733 /* LoginModels.swift */; };
		D96447D629DE30DC00847733 /* GenericResponse.swift in Sources */ = {isa = PBXBuildFile; fileRef = D96447D129DE30DC00847733 /* GenericResponse.swift */; };
		D96447D829DE61E700847733 /* profileController.swift in Sources */ = {isa = PBXBuildFile; fileRef = D96447D729DE61E700847733 /* profileController.swift */; };
/* End PBXBuildFile section */

/* Begin PBXFileReference section */
		376A661AABD5723ACE411814 /* Pods-Runner.debug.xcconfig */ = {isa = PBXFileReference; includeInIndex = 1; lastKnownFileType = text.xcconfig; name = "Pods-Runner.debug.xcconfig"; path = "Target Support Files/Pods-Runner/Pods-Runner.debug.xcconfig"; sourceTree = "<group>"; };
		4F5285761F5D6918274EA2C6 /* Pods_Runner.framework */ = {isa = PBXFileReference; explicitFileType = wrapper.framework; includeInIndex = 0; path = Pods_Runner.framework; sourceTree = BUILT_PRODUCTS_DIR; };
		59AD496729C1F562000A6C3C /* Runner.app */ = {isa = PBXFileReference; explicitFileType = wrapper.application; includeInIndex = 0; path = Runner.app; sourceTree = BUILT_PRODUCTS_DIR; };
		59AD496A29C1F562000A6C3C /* AppDelegate.swift */ = {isa = PBXFileReference; lastKnownFileType = sourcecode.swift; path = AppDelegate.swift; sourceTree = "<group>"; };
		59AD496C29C1F562000A6C3C /* SceneDelegate.swift */ = {isa = PBXFileReference; lastKnownFileType = sourcecode.swift; path = SceneDelegate.swift; sourceTree = "<group>"; };
		59AD496E29C1F562000A6C3C /* ViewController.swift */ = {isa = PBXFileReference; lastKnownFileType = sourcecode.swift; path = ViewController.swift; sourceTree = "<group>"; };
		59AD497129C1F562000A6C3C /* Base */ = {isa = PBXFileReference; lastKnownFileType = file.storyboard; name = Base; path = Base.lproj/Main.storyboard; sourceTree = "<group>"; };
		59AD497429C1F562000A6C3C /* Runner.xcdatamodel */ = {isa = PBXFileReference; lastKnownFileType = wrapper.xcdatamodel; path = Runner.xcdatamodel; sourceTree = "<group>"; };
		59AD497629C1F562000A6C3C /* Assets.xcassets */ = {isa = PBXFileReference; lastKnownFileType = folder.assetcatalog; path = Assets.xcassets; sourceTree = "<group>"; };
		59AD497929C1F562000A6C3C /* Base */ = {isa = PBXFileReference; lastKnownFileType = file.storyboard; name = Base; path = Base.lproj/LaunchScreen.storyboard; sourceTree = "<group>"; };
		59AD497B29C1F562000A6C3C /* Info.plist */ = {isa = PBXFileReference; lastKnownFileType = text.plist.xml; path = Info.plist; sourceTree = "<group>"; };
		59AD498129C21BF1000A6C3C /* SignUpController.swift */ = {isa = PBXFileReference; lastKnownFileType = sourcecode.swift; path = SignUpController.swift; sourceTree = "<group>"; };
		6EE75FD0937D7C0A2C56B4EA /* Pods-Runner.release.xcconfig */ = {isa = PBXFileReference; includeInIndex = 1; lastKnownFileType = text.xcconfig; name = "Pods-Runner.release.xcconfig"; path = "Target Support Files/Pods-Runner/Pods-Runner.release.xcconfig"; sourceTree = "<group>"; };
		D27E036829C3BEFD0000C2BB /* MapViewController.swift */ = {isa = PBXFileReference; lastKnownFileType = sourcecode.swift; path = MapViewController.swift; sourceTree = "<group>"; };
		D2C3BC9B29DDC84800D1CD76 /* SettingsController.swift */ = {isa = PBXFileReference; lastKnownFileType = sourcecode.swift; path = SettingsController.swift; sourceTree = "<group>"; };
		D2C3BC9D29DDD60800D1CD76 /* NotificationController.swift */ = {isa = PBXFileReference; lastKnownFileType = sourcecode.swift; path = NotificationController.swift; sourceTree = "<group>"; };
		D96447B829DE30BC00847733 /* Consts.swift */ = {isa = PBXFileReference; fileEncoding = 4; lastKnownFileType = sourcecode.swift; path = Consts.swift; sourceTree = "<group>"; };
		D96447B929DE30BC00847733 /* Enums.swift */ = {isa = PBXFileReference; fileEncoding = 4; lastKnownFileType = sourcecode.swift; path = Enums.swift; sourceTree = "<group>"; };
		D96447BA29DE30BC00847733 /* Helpers.swift */ = {isa = PBXFileReference; fileEncoding = 4; lastKnownFileType = sourcecode.swift; path = Helpers.swift; sourceTree = "<group>"; };
		D96447BD29DE30BC00847733 /* AuthRepo.swift */ = {isa = PBXFileReference; fileEncoding = 4; lastKnownFileType = sourcecode.swift; path = AuthRepo.swift; sourceTree = "<group>"; };
		D96447BE29DE30BC00847733 /* NetworkManager.swift */ = {isa = PBXFileReference; fileEncoding = 4; lastKnownFileType = sourcecode.swift; path = NetworkManager.swift; sourceTree = "<group>"; };
		D96447C029DE30BC00847733 /* DataParser.swift */ = {isa = PBXFileReference; fileEncoding = 4; lastKnownFileType = sourcecode.swift; path = DataParser.swift; sourceTree = "<group>"; };
		D96447C229DE30BC00847733 /* LoginViewModel.swift */ = {isa = PBXFileReference; fileEncoding = 4; lastKnownFileType = sourcecode.swift; path = LoginViewModel.swift; sourceTree = "<group>"; };
		D96447C329DE30BC00847733 /* SignUpViewModel.swift */ = {isa = PBXFileReference; fileEncoding = 4; lastKnownFileType = sourcecode.swift; path = SignUpViewModel.swift; sourceTree = "<group>"; };
		D96447CD29DE30DC00847733 /* SignUpRequest.swift */ = {isa = PBXFileReference; fileEncoding = 4; lastKnownFileType = sourcecode.swift; path = SignUpRequest.swift; sourceTree = "<group>"; };
		D96447CE29DE30DC00847733 /* RefreshTokenResponse.swift */ = {isa = PBXFileReference; fileEncoding = 4; lastKnownFileType = sourcecode.swift; path = RefreshTokenResponse.swift; sourceTree = "<group>"; };
		D96447CF29DE30DC00847733 /* AuthInterceptor.swift */ = {isa = PBXFileReference; fileEncoding = 4; lastKnownFileType = sourcecode.swift; path = AuthInterceptor.swift; sourceTree = "<group>"; };
		D96447D029DE30DC00847733 /* LoginModels.swift */ = {isa = PBXFileReference; fileEncoding = 4; lastKnownFileType = sourcecode.swift; path = LoginModels.swift; sourceTree = "<group>"; };
		D96447D129DE30DC00847733 /* GenericResponse.swift */ = {isa = PBXFileReference; fileEncoding = 4; lastKnownFileType = sourcecode.swift; path = GenericResponse.swift; sourceTree = "<group>"; };
		D96447D729DE61E700847733 /* profileController.swift */ = {isa = PBXFileReference; lastKnownFileType = sourcecode.swift; path = profileController.swift; sourceTree = "<group>"; };
/* End PBXFileReference section */

/* Begin PBXFrameworksBuildPhase section */
		59AD496429C1F562000A6C3C /* Frameworks */ = {
			isa = PBXFrameworksBuildPhase;
			buildActionMask = 2147483647;
			files = (
				3322758EBCACCEF12CA621B9 /* Pods_Runner.framework in Frameworks */,
			);
			runOnlyForDeploymentPostprocessing = 0;
		};
/* End PBXFrameworksBuildPhase section */

/* Begin PBXGroup section */
		3F5465737ACA88A2EAEC3D26 /* Frameworks */ = {
			isa = PBXGroup;
			children = (
				4F5285761F5D6918274EA2C6 /* Pods_Runner.framework */,
			);
			name = Frameworks;
			sourceTree = "<group>";
		};
		59AD495E29C1F562000A6C3C = {
			isa = PBXGroup;
			children = (
				59AD496929C1F562000A6C3C /* Runner */,
				59AD496829C1F562000A6C3C /* Products */,
				5EBB837D2F2EB32B7572B35E /* Pods */,
				3F5465737ACA88A2EAEC3D26 /* Frameworks */,
			);
			sourceTree = "<group>";
		};
		59AD496829C1F562000A6C3C /* Products */ = {
			isa = PBXGroup;
			children = (
				59AD496729C1F562000A6C3C /* Runner.app */,
			);
			name = Products;
			sourceTree = "<group>";
		};
		59AD496929C1F562000A6C3C /* Runner */ = {
			isa = PBXGroup;
			children = (
				D96447CC29DE30DC00847733 /* Models */,
				D96447BB29DE30BC00847733 /* Network */,
				D96447B729DE30BC00847733 /* utils */,
				D96447C129DE30BC00847733 /* ViewModels */,
				59AD496A29C1F562000A6C3C /* AppDelegate.swift */,
				59AD496C29C1F562000A6C3C /* SceneDelegate.swift */,
				59AD496E29C1F562000A6C3C /* ViewController.swift */,
				D27E036829C3BEFD0000C2BB /* MapViewController.swift */,
				59AD498129C21BF1000A6C3C /* SignUpController.swift */,
				D2C3BC9B29DDC84800D1CD76 /* SettingsController.swift */,
				D2C3BC9D29DDD60800D1CD76 /* NotificationController.swift */,
				D96447D729DE61E700847733 /* profileController.swift */,
				59AD497029C1F562000A6C3C /* Main.storyboard */,
				59AD497629C1F562000A6C3C /* Assets.xcassets */,
				59AD497829C1F562000A6C3C /* LaunchScreen.storyboard */,
				59AD497B29C1F562000A6C3C /* Info.plist */,
				59AD497329C1F562000A6C3C /* Runner.xcdatamodeld */,
			);
			path = Runner;
			sourceTree = "<group>";
		};
		5EBB837D2F2EB32B7572B35E /* Pods */ = {
			isa = PBXGroup;
			children = (
				376A661AABD5723ACE411814 /* Pods-Runner.debug.xcconfig */,
				6EE75FD0937D7C0A2C56B4EA /* Pods-Runner.release.xcconfig */,
			);
			path = Pods;
			sourceTree = "<group>";
		};
		D96447B729DE30BC00847733 /* utils */ = {
			isa = PBXGroup;
			children = (
				D96447B829DE30BC00847733 /* Consts.swift */,
				D96447B929DE30BC00847733 /* Enums.swift */,
				D96447BA29DE30BC00847733 /* Helpers.swift */,
			);
			path = utils;
			sourceTree = "<group>";
		};
		D96447BB29DE30BC00847733 /* Network */ = {
			isa = PBXGroup;
			children = (
				D96447BC29DE30BC00847733 /* Reqs */,
				D96447BE29DE30BC00847733 /* NetworkManager.swift */,
				D96447BF29DE30BC00847733 /* Interceptor */,
			);
			path = Network;
			sourceTree = "<group>";
		};
		D96447BC29DE30BC00847733 /* Reqs */ = {
			isa = PBXGroup;
			children = (
				D96447BD29DE30BC00847733 /* AuthRepo.swift */,
			);
			path = Reqs;
			sourceTree = "<group>";
		};
		D96447BF29DE30BC00847733 /* Interceptor */ = {
			isa = PBXGroup;
			children = (
				D96447C029DE30BC00847733 /* DataParser.swift */,
			);
			path = Interceptor;
			sourceTree = "<group>";
		};
		D96447C129DE30BC00847733 /* ViewModels */ = {
			isa = PBXGroup;
			children = (
				D96447C229DE30BC00847733 /* LoginViewModel.swift */,
				D96447C329DE30BC00847733 /* SignUpViewModel.swift */,
			);
			path = ViewModels;
			sourceTree = "<group>";
		};
		D96447CC29DE30DC00847733 /* Models */ = {
			isa = PBXGroup;
			children = (
				D96447CD29DE30DC00847733 /* SignUpRequest.swift */,
				D96447CE29DE30DC00847733 /* RefreshTokenResponse.swift */,
				D96447CF29DE30DC00847733 /* AuthInterceptor.swift */,
				D96447D029DE30DC00847733 /* LoginModels.swift */,
				D96447D129DE30DC00847733 /* GenericResponse.swift */,
			);
			path = Models;
			sourceTree = "<group>";
		};
/* End PBXGroup section */

/* Begin PBXNativeTarget section */
		59AD496629C1F562000A6C3C /* Runner */ = {
			isa = PBXNativeTarget;
			buildConfigurationList = 59AD497E29C1F562000A6C3C /* Build configuration list for PBXNativeTarget "Runner" */;
			buildPhases = (
				3A17F3FE7E34EE42AC55BFF0 /* [CP] Check Pods Manifest.lock */,
				59AD496329C1F562000A6C3C /* Sources */,
				59AD496429C1F562000A6C3C /* Frameworks */,
				59AD496529C1F562000A6C3C /* Resources */,
				FB97A8D7BF3CD7B139126159 /* [CP] Embed Pods Frameworks */,
			);
			buildRules = (
			);
			dependencies = (
			);
			name = Runner;
			productName = Runner;
			productReference = 59AD496729C1F562000A6C3C /* Runner.app */;
			productType = "com.apple.product-type.application";
		};
/* End PBXNativeTarget section */

/* Begin PBXProject section */
		59AD495F29C1F562000A6C3C /* Project object */ = {
			isa = PBXProject;
			attributes = {
				BuildIndependentTargetsInParallel = 1;
				LastSwiftUpdateCheck = 1410;
				LastUpgradeCheck = 1410;
				TargetAttributes = {
					59AD496629C1F562000A6C3C = {
						CreatedOnToolsVersion = 14.1;
					};
				};
			};
			buildConfigurationList = 59AD496229C1F562000A6C3C /* Build configuration list for PBXProject "Runner" */;
			compatibilityVersion = "Xcode 14.0";
			developmentRegion = en;
			hasScannedForEncodings = 0;
			knownRegions = (
				en,
				Base,
			);
			mainGroup = 59AD495E29C1F562000A6C3C;
			productRefGroup = 59AD496829C1F562000A6C3C /* Products */;
			projectDirPath = "";
			projectRoot = "";
			targets = (
				59AD496629C1F562000A6C3C /* Runner */,
			);
		};
/* End PBXProject section */

/* Begin PBXResourcesBuildPhase section */
		59AD496529C1F562000A6C3C /* Resources */ = {
			isa = PBXResourcesBuildPhase;
			buildActionMask = 2147483647;
			files = (
				59AD497A29C1F562000A6C3C /* LaunchScreen.storyboard in Resources */,
				59AD497729C1F562000A6C3C /* Assets.xcassets in Resources */,
				59AD497229C1F562000A6C3C /* Main.storyboard in Resources */,
			);
			runOnlyForDeploymentPostprocessing = 0;
		};
/* End PBXResourcesBuildPhase section */

/* Begin PBXShellScriptBuildPhase section */
		3A17F3FE7E34EE42AC55BFF0 /* [CP] Check Pods Manifest.lock */ = {
			isa = PBXShellScriptBuildPhase;
			buildActionMask = 2147483647;
			files = (
			);
			inputFileListPaths = (
			);
			inputPaths = (
				"${PODS_PODFILE_DIR_PATH}/Podfile.lock",
				"${PODS_ROOT}/Manifest.lock",
			);
			name = "[CP] Check Pods Manifest.lock";
			outputFileListPaths = (
			);
			outputPaths = (
				"$(DERIVED_FILE_DIR)/Pods-Runner-checkManifestLockResult.txt",
			);
			runOnlyForDeploymentPostprocessing = 0;
			shellPath = /bin/sh;
			shellScript = "diff \"${PODS_PODFILE_DIR_PATH}/Podfile.lock\" \"${PODS_ROOT}/Manifest.lock\" > /dev/null\nif [ $? != 0 ] ; then\n    # print error to STDERR\n    echo \"error: The sandbox is not in sync with the Podfile.lock. Run 'pod install' or update your CocoaPods installation.\" >&2\n    exit 1\nfi\n# This output is used by Xcode 'outputs' to avoid re-running this script phase.\necho \"SUCCESS\" > \"${SCRIPT_OUTPUT_FILE_0}\"\n";
			showEnvVarsInLog = 0;
		};
		FB97A8D7BF3CD7B139126159 /* [CP] Embed Pods Frameworks */ = {
			isa = PBXShellScriptBuildPhase;
			buildActionMask = 2147483647;
			files = (
			);
			inputFileListPaths = (
				"${PODS_ROOT}/Target Support Files/Pods-Runner/Pods-Runner-frameworks-${CONFIGURATION}-input-files.xcfilelist",
			);
			name = "[CP] Embed Pods Frameworks";
			outputFileListPaths = (
				"${PODS_ROOT}/Target Support Files/Pods-Runner/Pods-Runner-frameworks-${CONFIGURATION}-output-files.xcfilelist",
			);
			runOnlyForDeploymentPostprocessing = 0;
			shellPath = /bin/sh;
			shellScript = "\"${PODS_ROOT}/Target Support Files/Pods-Runner/Pods-Runner-frameworks.sh\"\n";
			showEnvVarsInLog = 0;
		};
/* End PBXShellScriptBuildPhase section */

/* Begin PBXSourcesBuildPhase section */
		59AD496329C1F562000A6C3C /* Sources */ = {
			isa = PBXSourcesBuildPhase;
			buildActionMask = 2147483647;
			files = (
				D96447D329DE30DC00847733 /* RefreshTokenResponse.swift in Sources */,
				D96447D529DE30DC00847733 /* LoginModels.swift in Sources */,
				D96447D429DE30DC00847733 /* AuthInterceptor.swift in Sources */,
				59AD498229C21BF1000A6C3C /* SignUpController.swift in Sources */,
				D27E036929C3BEFD0000C2BB /* MapViewController.swift in Sources */,
				D96447CB29DE30BC00847733 /* SignUpViewModel.swift in Sources */,
				D96447D629DE30DC00847733 /* GenericResponse.swift in Sources */,
				D96447C529DE30BC00847733 /* Enums.swift in Sources */,
				D96447C829DE30BC00847733 /* NetworkManager.swift in Sources */,
				D96447D829DE61E700847733 /* profileController.swift in Sources */,
				D2C3BC9E29DDD60800D1CD76 /* NotificationController.swift in Sources */,
				D96447C629DE30BC00847733 /* Helpers.swift in Sources */,
				59AD496F29C1F562000A6C3C /* ViewController.swift in Sources */,
				D96447D229DE30DC00847733 /* SignUpRequest.swift in Sources */,
				D2C3BC9C29DDC84800D1CD76 /* SettingsController.swift in Sources */,
				D96447CA29DE30BC00847733 /* LoginViewModel.swift in Sources */,
				59AD497529C1F562000A6C3C /* Runner.xcdatamodeld in Sources */,
				59AD496B29C1F562000A6C3C /* AppDelegate.swift in Sources */,
				D96447C729DE30BC00847733 /* AuthRepo.swift in Sources */,
				D96447C429DE30BC00847733 /* Consts.swift in Sources */,
				D96447C929DE30BC00847733 /* DataParser.swift in Sources */,
				59AD496D29C1F562000A6C3C /* SceneDelegate.swift in Sources */,
			);
			runOnlyForDeploymentPostprocessing = 0;
		};
/* End PBXSourcesBuildPhase section */

/* Begin PBXVariantGroup section */
		59AD497029C1F562000A6C3C /* Main.storyboard */ = {
			isa = PBXVariantGroup;
			children = (
				59AD497129C1F562000A6C3C /* Base */,
			);
			name = Main.storyboard;
			sourceTree = "<group>";
		};
		59AD497829C1F562000A6C3C /* LaunchScreen.storyboard */ = {
			isa = PBXVariantGroup;
			children = (
				59AD497929C1F562000A6C3C /* Base */,
			);
			name = LaunchScreen.storyboard;
			sourceTree = "<group>";
		};
/* End PBXVariantGroup section */

/* Begin XCBuildConfiguration section */
		59AD497C29C1F562000A6C3C /* Debug */ = {
			isa = XCBuildConfiguration;
			buildSettings = {
				ALWAYS_SEARCH_USER_PATHS = NO;
				CLANG_ANALYZER_NONNULL = YES;
				CLANG_ANALYZER_NUMBER_OBJECT_CONVERSION = YES_AGGRESSIVE;
				CLANG_CXX_LANGUAGE_STANDARD = "gnu++20";
				CLANG_ENABLE_MODULES = YES;
				CLANG_ENABLE_OBJC_ARC = YES;
				CLANG_ENABLE_OBJC_WEAK = YES;
				CLANG_WARN_BLOCK_CAPTURE_AUTORELEASING = YES;
				CLANG_WARN_BOOL_CONVERSION = YES;
				CLANG_WARN_COMMA = YES;
				CLANG_WARN_CONSTANT_CONVERSION = YES;
				CLANG_WARN_DEPRECATED_OBJC_IMPLEMENTATIONS = YES;
				CLANG_WARN_DIRECT_OBJC_ISA_USAGE = YES_ERROR;
				CLANG_WARN_DOCUMENTATION_COMMENTS = YES;
				CLANG_WARN_EMPTY_BODY = YES;
				CLANG_WARN_ENUM_CONVERSION = YES;
				CLANG_WARN_INFINITE_RECURSION = YES;
				CLANG_WARN_INT_CONVERSION = YES;
				CLANG_WARN_NON_LITERAL_NULL_CONVERSION = YES;
				CLANG_WARN_OBJC_IMPLICIT_RETAIN_SELF = YES;
				CLANG_WARN_OBJC_LITERAL_CONVERSION = YES;
				CLANG_WARN_OBJC_ROOT_CLASS = YES_ERROR;
				CLANG_WARN_QUOTED_INCLUDE_IN_FRAMEWORK_HEADER = YES;
				CLANG_WARN_RANGE_LOOP_ANALYSIS = YES;
				CLANG_WARN_STRICT_PROTOTYPES = YES;
				CLANG_WARN_SUSPICIOUS_MOVE = YES;
				CLANG_WARN_UNGUARDED_AVAILABILITY = YES_AGGRESSIVE;
				CLANG_WARN_UNREACHABLE_CODE = YES;
				CLANG_WARN__DUPLICATE_METHOD_MATCH = YES;
				COPY_PHASE_STRIP = NO;
				DEBUG_INFORMATION_FORMAT = dwarf;
				ENABLE_STRICT_OBJC_MSGSEND = YES;
				ENABLE_TESTABILITY = YES;
				GCC_C_LANGUAGE_STANDARD = gnu11;
				GCC_DYNAMIC_NO_PIC = NO;
				GCC_NO_COMMON_BLOCKS = YES;
				GCC_OPTIMIZATION_LEVEL = 0;
				GCC_PREPROCESSOR_DEFINITIONS = (
					"DEBUG=1",
					"$(inherited)",
				);
				GCC_WARN_64_TO_32_BIT_CONVERSION = YES;
				GCC_WARN_ABOUT_RETURN_TYPE = YES_ERROR;
				GCC_WARN_UNDECLARED_SELECTOR = YES;
				GCC_WARN_UNINITIALIZED_AUTOS = YES_AGGRESSIVE;
				GCC_WARN_UNUSED_FUNCTION = YES;
				GCC_WARN_UNUSED_VARIABLE = YES;
				IPHONEOS_DEPLOYMENT_TARGET = 16.1;
				MTL_ENABLE_DEBUG_INFO = INCLUDE_SOURCE;
				MTL_FAST_MATH = YES;
				ONLY_ACTIVE_ARCH = YES;
				SDKROOT = iphoneos;
				SWIFT_ACTIVE_COMPILATION_CONDITIONS = DEBUG;
				SWIFT_OPTIMIZATION_LEVEL = "-Onone";
			};
			name = Debug;
		};
		59AD497D29C1F562000A6C3C /* Release */ = {
			isa = XCBuildConfiguration;
			buildSettings = {
				ALWAYS_SEARCH_USER_PATHS = NO;
				CLANG_ANALYZER_NONNULL = YES;
				CLANG_ANALYZER_NUMBER_OBJECT_CONVERSION = YES_AGGRESSIVE;
				CLANG_CXX_LANGUAGE_STANDARD = "gnu++20";
				CLANG_ENABLE_MODULES = YES;
				CLANG_ENABLE_OBJC_ARC = YES;
				CLANG_ENABLE_OBJC_WEAK = YES;
				CLANG_WARN_BLOCK_CAPTURE_AUTORELEASING = YES;
				CLANG_WARN_BOOL_CONVERSION = YES;
				CLANG_WARN_COMMA = YES;
				CLANG_WARN_CONSTANT_CONVERSION = YES;
				CLANG_WARN_DEPRECATED_OBJC_IMPLEMENTATIONS = YES;
				CLANG_WARN_DIRECT_OBJC_ISA_USAGE = YES_ERROR;
				CLANG_WARN_DOCUMENTATION_COMMENTS = YES;
				CLANG_WARN_EMPTY_BODY = YES;
				CLANG_WARN_ENUM_CONVERSION = YES;
				CLANG_WARN_INFINITE_RECURSION = YES;
				CLANG_WARN_INT_CONVERSION = YES;
				CLANG_WARN_NON_LITERAL_NULL_CONVERSION = YES;
				CLANG_WARN_OBJC_IMPLICIT_RETAIN_SELF = YES;
				CLANG_WARN_OBJC_LITERAL_CONVERSION = YES;
				CLANG_WARN_OBJC_ROOT_CLASS = YES_ERROR;
				CLANG_WARN_QUOTED_INCLUDE_IN_FRAMEWORK_HEADER = YES;
				CLANG_WARN_RANGE_LOOP_ANALYSIS = YES;
				CLANG_WARN_STRICT_PROTOTYPES = YES;
				CLANG_WARN_SUSPICIOUS_MOVE = YES;
				CLANG_WARN_UNGUARDED_AVAILABILITY = YES_AGGRESSIVE;
				CLANG_WARN_UNREACHABLE_CODE = YES;
				CLANG_WARN__DUPLICATE_METHOD_MATCH = YES;
				COPY_PHASE_STRIP = NO;
				DEBUG_INFORMATION_FORMAT = "dwarf-with-dsym";
				ENABLE_NS_ASSERTIONS = NO;
				ENABLE_STRICT_OBJC_MSGSEND = YES;
				GCC_C_LANGUAGE_STANDARD = gnu11;
				GCC_NO_COMMON_BLOCKS = YES;
				GCC_WARN_64_TO_32_BIT_CONVERSION = YES;
				GCC_WARN_ABOUT_RETURN_TYPE = YES_ERROR;
				GCC_WARN_UNDECLARED_SELECTOR = YES;
				GCC_WARN_UNINITIALIZED_AUTOS = YES_AGGRESSIVE;
				GCC_WARN_UNUSED_FUNCTION = YES;
				GCC_WARN_UNUSED_VARIABLE = YES;
				IPHONEOS_DEPLOYMENT_TARGET = 16.1;
				MTL_ENABLE_DEBUG_INFO = NO;
				MTL_FAST_MATH = YES;
				SDKROOT = iphoneos;
				SWIFT_COMPILATION_MODE = wholemodule;
				SWIFT_OPTIMIZATION_LEVEL = "-O";
				VALIDATE_PRODUCT = YES;
			};
			name = Release;
		};
		59AD497F29C1F562000A6C3C /* Debug */ = {
			isa = XCBuildConfiguration;
			baseConfigurationReference = 376A661AABD5723ACE411814 /* Pods-Runner.debug.xcconfig */;
			buildSettings = {
				ASSETCATALOG_COMPILER_APPICON_NAME = AppIcon;
				ASSETCATALOG_COMPILER_GLOBAL_ACCENT_COLOR_NAME = AccentColor;
				CODE_SIGN_STYLE = Automatic;
				CURRENT_PROJECT_VERSION = 1;
				GENERATE_INFOPLIST_FILE = YES;
				INFOPLIST_FILE = Runner/Info.plist;
				INFOPLIST_KEY_UIApplicationSupportsIndirectInputEvents = YES;
				INFOPLIST_KEY_UILaunchStoryboardName = LaunchScreen;
				INFOPLIST_KEY_UIMainStoryboardFile = Main;
				INFOPLIST_KEY_UISupportedInterfaceOrientations_iPad = "UIInterfaceOrientationPortrait UIInterfaceOrientationPortraitUpsideDown UIInterfaceOrientationLandscapeLeft UIInterfaceOrientationLandscapeRight";
				INFOPLIST_KEY_UISupportedInterfaceOrientations_iPhone = "UIInterfaceOrientationPortrait UIInterfaceOrientationLandscapeLeft UIInterfaceOrientationLandscapeRight";
				LD_RUNPATH_SEARCH_PATHS = (
					"$(inherited)",
					"@executable_path/Frameworks",
				);
				MARKETING_VERSION = 1.0;
				PRODUCT_BUNDLE_IDENTIFIER = com.esprit.tn.Runner;
				PRODUCT_NAME = "$(TARGET_NAME)";
				SWIFT_EMIT_LOC_STRINGS = YES;
				SWIFT_VERSION = 5.0;
				TARGETED_DEVICE_FAMILY = "1,2";
			};
			name = Debug;
		};
		59AD498029C1F562000A6C3C /* Release */ = {
			isa = XCBuildConfiguration;
			baseConfigurationReference = 6EE75FD0937D7C0A2C56B4EA /* Pods-Runner.release.xcconfig */;
			buildSettings = {
				ASSETCATALOG_COMPILER_APPICON_NAME = AppIcon;
				ASSETCATALOG_COMPILER_GLOBAL_ACCENT_COLOR_NAME = AccentColor;
				CODE_SIGN_STYLE = Automatic;
				CURRENT_PROJECT_VERSION = 1;
				GENERATE_INFOPLIST_FILE = YES;
				INFOPLIST_FILE = Runner/Info.plist;
				INFOPLIST_KEY_UIApplicationSupportsIndirectInputEvents = YES;
				INFOPLIST_KEY_UILaunchStoryboardName = LaunchScreen;
				INFOPLIST_KEY_UIMainStoryboardFile = Main;
				INFOPLIST_KEY_UISupportedInterfaceOrientations_iPad = "UIInterfaceOrientationPortrait UIInterfaceOrientationPortraitUpsideDown UIInterfaceOrientationLandscapeLeft UIInterfaceOrientationLandscapeRight";
				INFOPLIST_KEY_UISupportedInterfaceOrientations_iPhone = "UIInterfaceOrientationPortrait UIInterfaceOrientationLandscapeLeft UIInterfaceOrientationLandscapeRight";
				LD_RUNPATH_SEARCH_PATHS = (
					"$(inherited)",
					"@executable_path/Frameworks",
				);
				MARKETING_VERSION = 1.0;
				PRODUCT_BUNDLE_IDENTIFIER = com.esprit.tn.Runner;
				PRODUCT_NAME = "$(TARGET_NAME)";
				SWIFT_EMIT_LOC_STRINGS = YES;
				SWIFT_VERSION = 5.0;
				TARGETED_DEVICE_FAMILY = "1,2";
			};
			name = Release;
		};
/* End XCBuildConfiguration section */

/* Begin XCConfigurationList section */
		59AD496229C1F562000A6C3C /* Build configuration list for PBXProject "Runner" */ = {
			isa = XCConfigurationList;
			buildConfigurations = (
				59AD497C29C1F562000A6C3C /* Debug */,
				59AD497D29C1F562000A6C3C /* Release */,
			);
			defaultConfigurationIsVisible = 0;
			defaultConfigurationName = Release;
		};
		59AD497E29C1F562000A6C3C /* Build configuration list for PBXNativeTarget "Runner" */ = {
			isa = XCConfigurationList;
			buildConfigurations = (
				59AD497F29C1F562000A6C3C /* Debug */,
				59AD498029C1F562000A6C3C /* Release */,
			);
			defaultConfigurationIsVisible = 0;
			defaultConfigurationName = Release;
		};
/* End XCConfigurationList section */

/* Begin XCVersionGroup section */
		59AD497329C1F562000A6C3C /* Runner.xcdatamodeld */ = {
			isa = XCVersionGroup;
			children = (
				59AD497429C1F562000A6C3C /* Runner.xcdatamodel */,
			);
			currentVersion = 59AD497429C1F562000A6C3C /* Runner.xcdatamodel */;
			path = Runner.xcdatamodeld;
			sourceTree = "<group>";
			versionGroupType = wrapper.xcdatamodel;
		};
/* End XCVersionGroup section */
	};
	rootObject = 59AD495F29C1F562000A6C3C /* Project object */;
}
